
Microsoft Visual Studio Solution File, Format Version 12.00
# Visual Studio Version 16
VisualStudioVersion = 16.0.29025.244
MinimumVisualStudioVersion = 10.0.40219.1
Project("{FAE04EC0-301F-11D3-BF4B-00C04F79EFBC}") = "PersonsInfo", "Problem01_Persons\PersonsInfo.csproj", "{C25A0051-8AE7-4D20-9244-583FC144F067}"
EndProject
Global
	GlobalSection(SolutionConfigurationPlatforms) = preSolution
		Debug|Any CPU = Debug|Any CPU
		Release|Any CPU = Release|Any CPU
	EndGlobalSection
	GlobalSection(ProjectConfigurationPlatforms) = postSolution
		{C25A0051-8AE7-4D20-9244-583FC144F067}.Debug|Any CPU.ActiveCfg = Debug|Any CPU
		{C25A0051-8AE7-4D20-9244-583FC144F067}.Debug|Any CPU.Build.0 = Debug|Any CPU
		{C25A0051-8AE7-4D20-9244-583FC144F067}.Release|Any CPU.ActiveCfg = Release|Any CPU
		{C25A0051-8AE7-4D20-9244-583FC144F067}.Release|Any CPU.Build.0 = Release|Any CPU
	EndGlobalSection
	GlobalSection(SolutionProperties) = preSolution
		HideSolutionNode = FALSE
	EndGlobalSection
	GlobalSection(ExtensibilityGlobals) = postSolution
		SolutionGuid = {721FB643-DB49-4262-9B12-CB1AE4221BFA}
	EndGlobalSection
EndGlobal
