
Microsoft Visual Studio Solution File, Format Version 12.00
# Visual Studio Version 16
VisualStudioVersion = 16.0.29102.190
MinimumVisualStudioVersion = 10.0.40219.1
Project("{9A19103F-16F7-4668-BE54-9A1E7A4F7556}") = "Vehicles", "Vehicles.csproj", "{35EFAB2E-CC5A-4598-A3F4-5373FE1F99FF}"
EndProject
Global
	GlobalSection(SolutionConfigurationPlatforms) = preSolution
		Debug|Any CPU = Debug|Any CPU
		Release|Any CPU = Release|Any CPU
	EndGlobalSection
	GlobalSection(ProjectConfigurationPlatforms) = postSolution
		{35EFAB2E-CC5A-4598-A3F4-5373FE1F99FF}.Debug|Any CPU.ActiveCfg = Debug|Any CPU
		{35EFAB2E-CC5A-4598-A3F4-5373FE1F99FF}.Debug|Any CPU.Build.0 = Debug|Any CPU
		{35EFAB2E-CC5A-4598-A3F4-5373FE1F99FF}.Release|Any CPU.ActiveCfg = Release|Any CPU
		{35EFAB2E-CC5A-4598-A3F4-5373FE1F99FF}.Release|Any CPU.Build.0 = Release|Any CPU
	EndGlobalSection
	GlobalSection(SolutionProperties) = preSolution
		HideSolutionNode = FALSE
	EndGlobalSection
	GlobalSection(ExtensibilityGlobals) = postSolution
		SolutionGuid = {A1BB61CE-983E-435D-BD57-B158DA767F0D}
	EndGlobalSection
EndGlobal
