
Microsoft Visual Studio Solution File, Format Version 12.00
# Visual Studio Version 16
VisualStudioVersion = 16.0.29102.190
MinimumVisualStudioVersion = 10.0.40219.1
Project("{9A19103F-16F7-4668-BE54-9A1E7A4F7556}") = "SoftUniRestaurant", "SoftUniRestaurant.csproj", "{8D285DDE-D5A4-47C1-8952-AAD3C269D4D4}"
EndProject
Global
	GlobalSection(SolutionConfigurationPlatforms) = preSolution
		Debug|Any CPU = Debug|Any CPU
		Release|Any CPU = Release|Any CPU
	EndGlobalSection
	GlobalSection(ProjectConfigurationPlatforms) = postSolution
		{8D285DDE-D5A4-47C1-8952-AAD3C269D4D4}.Debug|Any CPU.ActiveCfg = Debug|Any CPU
		{8D285DDE-D5A4-47C1-8952-AAD3C269D4D4}.Debug|Any CPU.Build.0 = Debug|Any CPU
		{8D285DDE-D5A4-47C1-8952-AAD3C269D4D4}.Release|Any CPU.ActiveCfg = Release|Any CPU
		{8D285DDE-D5A4-47C1-8952-AAD3C269D4D4}.Release|Any CPU.Build.0 = Release|Any CPU
	EndGlobalSection
	GlobalSection(SolutionProperties) = preSolution
		HideSolutionNode = FALSE
	EndGlobalSection
	GlobalSection(ExtensibilityGlobals) = postSolution
		SolutionGuid = {A704E92D-7090-44BC-BC10-6C1642321538}
	EndGlobalSection
EndGlobal
