
Microsoft Visual Studio Solution File, Format Version 12.00
# Visual Studio Version 16
VisualStudioVersion = 16.0.29102.190
MinimumVisualStudioVersion = 10.0.40219.1
Project("{9A19103F-16F7-4668-BE54-9A1E7A4F7556}") = "Vehicles", "Vehicles\Vehicles.csproj", "{9BD43D82-3609-4D74-A23B-9064EDB1A557}"
EndProject
Project("{FAE04EC0-301F-11D3-BF4B-00C04F79EFBC}") = "WildFarm", "WildFarm\WildFarm.csproj", "{A414A507-2F50-42EA-B8FB-004685DADFB7}"
EndProject
Global
	GlobalSection(SolutionConfigurationPlatforms) = preSolution
		Debug|Any CPU = Debug|Any CPU
		Release|Any CPU = Release|Any CPU
	EndGlobalSection
	GlobalSection(ProjectConfigurationPlatforms) = postSolution
		{9BD43D82-3609-4D74-A23B-9064EDB1A557}.Debug|Any CPU.ActiveCfg = Debug|Any CPU
		{9BD43D82-3609-4D74-A23B-9064EDB1A557}.Debug|Any CPU.Build.0 = Debug|Any CPU
		{9BD43D82-3609-4D74-A23B-9064EDB1A557}.Release|Any CPU.ActiveCfg = Release|Any CPU
		{9BD43D82-3609-4D74-A23B-9064EDB1A557}.Release|Any CPU.Build.0 = Release|Any CPU
		{A414A507-2F50-42EA-B8FB-004685DADFB7}.Debug|Any CPU.ActiveCfg = Debug|Any CPU
		{A414A507-2F50-42EA-B8FB-004685DADFB7}.Debug|Any CPU.Build.0 = Debug|Any CPU
		{A414A507-2F50-42EA-B8FB-004685DADFB7}.Release|Any CPU.ActiveCfg = Release|Any CPU
		{A414A507-2F50-42EA-B8FB-004685DADFB7}.Release|Any CPU.Build.0 = Release|Any CPU
	EndGlobalSection
	GlobalSection(SolutionProperties) = preSolution
		HideSolutionNode = FALSE
	EndGlobalSection
	GlobalSection(ExtensibilityGlobals) = postSolution
		SolutionGuid = {2A330773-F935-43C5-A930-6C1C2736D2F4}
	EndGlobalSection
EndGlobal
